
Microsoft Visual Studio Solution File, Format Version 12.00
# Visual Studio 14
VisualStudioVersion = 14.0.22418.1
MinimumVisualStudioVersion = 10.0.40219.1
Project("{8BB2217D-0F2D-49D1-97BC-3654ED321F3B}") = "Microsoft.AspNetCore.SignalR.Redis", "src\Microsoft.AspNetCore.SignalR.Redis\Microsoft.AspNetCore.SignalR.Redis.xproj", "{01CBC84D-8DB6-44FA-BD10-1BD7ACFEB5F3}"
EndProject
Project("{8BB2217D-0F2D-49D1-97BC-3654ED321F3B}") = "Microsoft.AspNetCore.SignalR.Redis.Tests", "test\Microsoft.AspNetCore.SignalR.Redis.Tests\Microsoft.AspNetCore.SignalR.Redis.Tests.xproj", "{D54E562F-6851-4E8E-89D7-82AFB9337693}"
EndProject
Global
	GlobalSection(SolutionConfigurationPlatforms) = preSolution
		Debug|Any CPU = Debug|Any CPU
		Release|Any CPU = Release|Any CPU
	EndGlobalSection
	GlobalSection(ProjectConfigurationPlatforms) = postSolution
		{01CBC84D-8DB6-44FA-BD10-1BD7ACFEB5F3}.Debug|Any CPU.ActiveCfg = Debug|Any CPU
		{01CBC84D-8DB6-44FA-BD10-1BD7ACFEB5F3}.Debug|Any CPU.Build.0 = Debug|Any CPU
		{01CBC84D-8DB6-44FA-BD10-1BD7ACFEB5F3}.Release|Any CPU.ActiveCfg = Release|Any CPU
		{01CBC84D-8DB6-44FA-BD10-1BD7ACFEB5F3}.Release|Any CPU.Build.0 = Release|Any CPU
		{D54E562F-6851-4E8E-89D7-82AFB9337693}.Debug|Any CPU.ActiveCfg = Debug|Any CPU
		{D54E562F-6851-4E8E-89D7-82AFB9337693}.Debug|Any CPU.Build.0 = Debug|Any CPU
		{D54E562F-6851-4E8E-89D7-82AFB9337693}.Release|Any CPU.ActiveCfg = Release|Any CPU
		{D54E562F-6851-4E8E-89D7-82AFB9337693}.Release|Any CPU.Build.0 = Release|Any CPU
	EndGlobalSection
	GlobalSection(SolutionProperties) = preSolution
		HideSolutionNode = FALSE
	EndGlobalSection
EndGlobal
